
Microsoft Visual Studio Solution File, Format Version 12.00
# Visual Studio Version 16
VisualStudioVersion = 16.0.31702.278
MinimumVisualStudioVersion = 10.0.40219.1
Project("{8BC9CEB8-8B4A-11D0-8D11-00A0C91BC942}") = "Project2", "Project2.vcxproj", "{85276948-4744-410C-8E96-F4223C48000C}"
EndProject
Global
	GlobalSection(SolutionConfigurationPlatforms) = preSolution
		Debug|x64 = Debug|x64
		Debug|x86 = Debug|x86
		Release|x64 = Release|x64
		Release|x86 = Release|x86
	EndGlobalSection
	GlobalSection(ProjectConfigurationPlatforms) = postSolution
		{85276948-4744-410C-8E96-F4223C48000C}.Debug|x64.ActiveCfg = Debug|x64
		{85276948-4744-410C-8E96-F4223C48000C}.Debug|x64.Build.0 = Debug|x64
		{85276948-4744-410C-8E96-F4223C48000C}.Debug|x86.ActiveCfg = Debug|Win32
		{85276948-4744-410C-8E96-F4223C48000C}.Debug|x86.Build.0 = Debug|Win32
		{85276948-4744-410C-8E96-F4223C48000C}.Release|x64.ActiveCfg = Release|x64
		{85276948-4744-410C-8E96-F4223C48000C}.Release|x64.Build.0 = Release|x64
		{85276948-4744-410C-8E96-F4223C48000C}.Release|x86.ActiveCfg = Release|Win32
		{85276948-4744-410C-8E96-F4223C48000C}.Release|x86.Build.0 = Release|Win32
	EndGlobalSection
	GlobalSection(SolutionProperties) = preSolution
		HideSolutionNode = FALSE
	EndGlobalSection
	GlobalSection(ExtensibilityGlobals) = postSolution
		SolutionGuid = {A0DB5F3B-51A3-468F-B6CA-4369CC34F8F7}
	EndGlobalSection
EndGlobal
